// !$*UTF8*$!
{
	archiveVersion = 1;
	classes = {
	};
	objectVersion = 50;
	objects = {

/* Begin PBXBuildFile section */
		474F9EA9251C54ED002336F4 /* MemoryGame.swift in Sources */ = {isa = PBXBuildFile; fileRef = 474F9EA8251C54ED002336F4 /* MemoryGame.swift */; };
		474F9EAE251C570A002336F4 /* EmojiMemoryGame.swift in Sources */ = {isa = PBXBuildFile; fileRef = 474F9EAD251C570A002336F4 /* EmojiMemoryGame.swift */; };
		4777B63F24AD313A00D82CB0 /* AppDelegate.swift in Sources */ = {isa = PBXBuildFile; fileRef = 4777B63E24AD313A00D82CB0 /* AppDelegate.swift */; };
		4777B64124AD313A00D82CB0 /* SceneDelegate.swift in Sources */ = {isa = PBXBuildFile; fileRef = 4777B64024AD313A00D82CB0 /* SceneDelegate.swift */; };
		4777B64324AD313A00D82CB0 /* EmojiMemoryGameView.swift in Sources */ = {isa = PBXBuildFile; fileRef = 4777B64224AD313A00D82CB0 /* EmojiMemoryGameView.swift */; };
		4777B64524AD314300D82CB0 /* Assets.xcassets in Resources */ = {isa = PBXBuildFile; fileRef = 4777B64424AD314300D82CB0 /* Assets.xcassets */; };
		4777B64824AD314300D82CB0 /* Preview Assets.xcassets in Resources */ = {isa = PBXBuildFile; fileRef = 4777B64724AD314300D82CB0 /* Preview Assets.xcassets */; };
		4777B64B24AD314300D82CB0 /* LaunchScreen.storyboard in Resources */ = {isa = PBXBuildFile; fileRef = 4777B64924AD314300D82CB0 /* LaunchScreen.storyboard */; };
		4777B65624AD314300D82CB0 /* MemorizeTests.swift in Sources */ = {isa = PBXBuildFile; fileRef = 4777B65524AD314300D82CB0 /* MemorizeTests.swift */; };
		4777B66124AD314300D82CB0 /* MemorizeUITests.swift in Sources */ = {isa = PBXBuildFile; fileRef = 4777B66024AD314300D82CB0 /* MemorizeUITests.swift */; };
/* End PBXBuildFile section */

/* Begin PBXContainerItemProxy section */
		4777B65224AD314300D82CB0 /* PBXContainerItemProxy */ = {
			isa = PBXContainerItemProxy;
			containerPortal = 4777B63324AD313A00D82CB0 /* Project object */;
			proxyType = 1;
			remoteGlobalIDString = 4777B63A24AD313A00D82CB0;
			remoteInfo = Memorize;
		};
		4777B65D24AD314300D82CB0 /* PBXContainerItemProxy */ = {
			isa = PBXContainerItemProxy;
			containerPortal = 4777B63324AD313A00D82CB0 /* Project object */;
			proxyType = 1;
			remoteGlobalIDString = 4777B63A24AD313A00D82CB0;
			remoteInfo = Memorize;
		};
/* End PBXContainerItemProxy section */

/* Begin PBXFileReference section */
		474F9EA8251C54ED002336F4 /* MemoryGame.swift */ = {isa = PBXFileReference; lastKnownFileType = sourcecode.swift; path = MemoryGame.swift; sourceTree = "<group>"; };
		474F9EAD251C570A002336F4 /* EmojiMemoryGame.swift */ = {isa = PBXFileReference; lastKnownFileType = sourcecode.swift; path = EmojiMemoryGame.swift; sourceTree = "<group>"; };
		4777B63B24AD313A00D82CB0 /* Memorize.app */ = {isa = PBXFileReference; explicitFileType = wrapper.application; includeInIndex = 0; path = Memorize.app; sourceTree = BUILT_PRODUCTS_DIR; };
		4777B63E24AD313A00D82CB0 /* AppDelegate.swift */ = {isa = PBXFileReference; lastKnownFileType = sourcecode.swift; path = AppDelegate.swift; sourceTree = "<group>"; };
		4777B64024AD313A00D82CB0 /* SceneDelegate.swift */ = {isa = PBXFileReference; lastKnownFileType = sourcecode.swift; path = SceneDelegate.swift; sourceTree = "<group>"; };
		4777B64224AD313A00D82CB0 /* EmojiMemoryGameView.swift */ = {isa = PBXFileReference; lastKnownFileType = sourcecode.swift; path = EmojiMemoryGameView.swift; sourceTree = "<group>"; };
		4777B64424AD314300D82CB0 /* Assets.xcassets */ = {isa = PBXFileReference; lastKnownFileType = folder.assetcatalog; path = Assets.xcassets; sourceTree = "<group>"; };
		4777B64724AD314300D82CB0 /* Preview Assets.xcassets */ = {isa = PBXFileReference; lastKnownFileType = folder.assetcatalog; path = "Preview Assets.xcassets"; sourceTree = "<group>"; };
		4777B64A24AD314300D82CB0 /* Base */ = {isa = PBXFileReference; lastKnownFileType = file.storyboard; name = Base; path = Base.lproj/LaunchScreen.storyboard; sourceTree = "<group>"; };
		4777B64C24AD314300D82CB0 /* Info.plist */ = {isa = PBXFileReference; lastKnownFileType = text.plist.xml; path = Info.plist; sourceTree = "<group>"; };
		4777B65124AD314300D82CB0 /* MemorizeTests.xctest */ = {isa = PBXFileReference; explicitFileType = wrapper.cfbundle; includeInIndex = 0; path = MemorizeTests.xctest; sourceTree = BUILT_PRODUCTS_DIR; };
		4777B65524AD314300D82CB0 /* MemorizeTests.swift */ = {isa = PBXFileReference; lastKnownFileType = sourcecode.swift; path = MemorizeTests.swift; sourceTree = "<group>"; };
		4777B65724AD314300D82CB0 /* Info.plist */ = {isa = PBXFileReference; lastKnownFileType = text.plist.xml; path = Info.plist; sourceTree = "<group>"; };
		4777B65C24AD314300D82CB0 /* MemorizeUITests.xctest */ = {isa = PBXFileReference; explicitFileType = wrapper.cfbundle; includeInIndex = 0; path = MemorizeUITests.xctest; sourceTree = BUILT_PRODUCTS_DIR; };
		4777B66024AD314300D82CB0 /* MemorizeUITests.swift */ = {isa = PBXFileReference; lastKnownFileType = sourcecode.swift; path = MemorizeUITests.swift; sourceTree = "<group>"; };
		4777B66224AD314300D82CB0 /* Info.plist */ = {isa = PBXFileReference; lastKnownFileType = text.plist.xml; path = Info.plist; sourceTree = "<group>"; };
/* End PBXFileReference section */

/* Begin PBXFrameworksBuildPhase section */
		4777B63824AD313A00D82CB0 /* Frameworks */ = {
			isa = PBXFrameworksBuildPhase;
			buildActionMask = 2147483647;
			files = (
			);
			runOnlyForDeploymentPostprocessing = 0;
		};
		4777B64E24AD314300D82CB0 /* Frameworks */ = {
			isa = PBXFrameworksBuildPhase;
			buildActionMask = 2147483647;
			files = (
			);
			runOnlyForDeploymentPostprocessing = 0;
		};
		4777B65924AD314300D82CB0 /* Frameworks */ = {
			isa = PBXFrameworksBuildPhase;
			buildActionMask = 2147483647;
			files = (
			);
			runOnlyForDeploymentPostprocessing = 0;
		};
/* End PBXFrameworksBuildPhase section */

/* Begin PBXGroup section */
		4777B63224AD313900D82CB0 = {
			isa = PBXGroup;
			children = (
				4777B63D24AD313A00D82CB0 /* Memorize */,
				4777B65424AD314300D82CB0 /* MemorizeTests */,
				4777B65F24AD314300D82CB0 /* MemorizeUITests */,
				4777B63C24AD313A00D82CB0 /* Products */,
			);
			sourceTree = "<group>";
		};
		4777B63C24AD313A00D82CB0 /* Products */ = {
			isa = PBXGroup;
			children = (
				4777B63B24AD313A00D82CB0 /* Memorize.app */,
				4777B65124AD314300D82CB0 /* MemorizeTests.xctest */,
				4777B65C24AD314300D82CB0 /* MemorizeUITests.xctest */,
			);
			name = Products;
			sourceTree = "<group>";
		};
		4777B63D24AD313A00D82CB0 /* Memorize */ = {
			isa = PBXGroup;
			children = (
				4777B63E24AD313A00D82CB0 /* AppDelegate.swift */,
				4777B64024AD313A00D82CB0 /* SceneDelegate.swift */,
				4777B64224AD313A00D82CB0 /* EmojiMemoryGameView.swift */,
				474F9EA8251C54ED002336F4 /* MemoryGame.swift */,
				474F9EAD251C570A002336F4 /* EmojiMemoryGame.swift */,
				4777B64424AD314300D82CB0 /* Assets.xcassets */,
				4777B64924AD314300D82CB0 /* LaunchScreen.storyboard */,
				4777B64C24AD314300D82CB0 /* Info.plist */,
				4777B64624AD314300D82CB0 /* Preview Content */,
			);
			path = Memorize;
			sourceTree = "<group>";
		};
		4777B64624AD314300D82CB0 /* Preview Content */ = {
			isa = PBXGroup;
			children = (
				4777B64724AD314300D82CB0 /* Preview Assets.xcassets */,
			);
			path = "Preview Content";
			sourceTree = "<group>";
		};
		4777B65424AD314300D82CB0 /* MemorizeTests */ = {
			isa = PBXGroup;
			children = (
				4777B65524AD314300D82CB0 /* MemorizeTests.swift */,
				4777B65724AD314300D82CB0 /* Info.plist */,
			);
			path = MemorizeTests;
			sourceTree = "<group>";
		};
		4777B65F24AD314300D82CB0 /* MemorizeUITests */ = {
			isa = PBXGroup;
			children = (
				4777B66024AD314300D82CB0 /* MemorizeUITests.swift */,
				4777B66224AD314300D82CB0 /* Info.plist */,
			);
			path = MemorizeUITests;
			sourceTree = "<group>";
		};
/* End PBXGroup section */

/* Begin PBXNativeTarget section */
		4777B63A24AD313A00D82CB0 /* Memorize */ = {
			isa = PBXNativeTarget;
			buildConfigurationList = 4777B66524AD314300D82CB0 /* Build configuration list for PBXNativeTarget "Memorize" */;
			buildPhases = (
				4777B63724AD313A00D82CB0 /* Sources */,
				4777B63824AD313A00D82CB0 /* Frameworks */,
				4777B63924AD313A00D82CB0 /* Resources */,
			);
			buildRules = (
			);
			dependencies = (
			);
			name = Memorize;
			productName = Memorize;
			productReference = 4777B63B24AD313A00D82CB0 /* Memorize.app */;
			productType = "com.apple.product-type.application";
		};
		4777B65024AD314300D82CB0 /* MemorizeTests */ = {
			isa = PBXNativeTarget;
			buildConfigurationList = 4777B66824AD314300D82CB0 /* Build configuration list for PBXNativeTarget "MemorizeTests" */;
			buildPhases = (
				4777B64D24AD314300D82CB0 /* Sources */,
				4777B64E24AD314300D82CB0 /* Frameworks */,
				4777B64F24AD314300D82CB0 /* Resources */,
			);
			buildRules = (
			);
			dependencies = (
				4777B65324AD314300D82CB0 /* PBXTargetDependency */,
			);
			name = MemorizeTests;
			productName = MemorizeTests;
			productReference = 4777B65124AD314300D82CB0 /* MemorizeTests.xctest */;
			productType = "com.apple.product-type.bundle.unit-test";
		};
		4777B65B24AD314300D82CB0 /* MemorizeUITests */ = {
			isa = PBXNativeTarget;
			buildConfigurationList = 4777B66B24AD314300D82CB0 /* Build configuration list for PBXNativeTarget "MemorizeUITests" */;
			buildPhases = (
				4777B65824AD314300D82CB0 /* Sources */,
				4777B65924AD314300D82CB0 /* Frameworks */,
				4777B65A24AD314300D82CB0 /* Resources */,
			);
			buildRules = (
			);
			dependencies = (
				4777B65E24AD314300D82CB0 /* PBXTargetDependency */,
			);
			name = MemorizeUITests;
			productName = MemorizeUITests;
			productReference = 4777B65C24AD314300D82CB0 /* MemorizeUITests.xctest */;
			productType = "com.apple.product-type.bundle.ui-testing";
		};
/* End PBXNativeTarget section */

/* Begin PBXProject section */
		4777B63324AD313A00D82CB0 /* Project object */ = {
			isa = PBXProject;
			attributes = {
				LastSwiftUpdateCheck = 1150;
				LastUpgradeCheck = 1200;
				ORGANIZATIONNAME = "Jackson Barnes";
				TargetAttributes = {
					4777B63A24AD313A00D82CB0 = {
						CreatedOnToolsVersion = 11.5;
					};
					4777B65024AD314300D82CB0 = {
						CreatedOnToolsVersion = 11.5;
						TestTargetID = 4777B63A24AD313A00D82CB0;
					};
					4777B65B24AD314300D82CB0 = {
						CreatedOnToolsVersion = 11.5;
						TestTargetID = 4777B63A24AD313A00D82CB0;
					};
				};
			};
			buildConfigurationList = 4777B63624AD313A00D82CB0 /* Build configuration list for PBXProject "Memorize" */;
			compatibilityVersion = "Xcode 9.3";
			developmentRegion = en;
			hasScannedForEncodings = 0;
			knownRegions = (
				en,
				Base,
			);
			mainGroup = 4777B63224AD313900D82CB0;
			productRefGroup = 4777B63C24AD313A00D82CB0 /* Products */;
			projectDirPath = "";
			projectRoot = "";
			targets = (
				4777B63A24AD313A00D82CB0 /* Memorize */,
				4777B65024AD314300D82CB0 /* MemorizeTests */,
				4777B65B24AD314300D82CB0 /* MemorizeUITests */,
			);
		};
/* End PBXProject section */

/* Begin PBXResourcesBuildPhase section */
		4777B63924AD313A00D82CB0 /* Resources */ = {
			isa = PBXResourcesBuildPhase;
			buildActionMask = 2147483647;
			files = (
				4777B64B24AD314300D82CB0 /* LaunchScreen.storyboard in Resources */,
				4777B64824AD314300D82CB0 /* Preview Assets.xcassets in Resources */,
				4777B64524AD314300D82CB0 /* Assets.xcassets in Resources */,
			);
			runOnlyForDeploymentPostprocessing = 0;
		};
		4777B64F24AD314300D82CB0 /* Resources */ = {
			isa = PBXResourcesBuildPhase;
			buildActionMask = 2147483647;
			files = (
			);
			runOnlyForDeploymentPostprocessing = 0;
		};
		4777B65A24AD314300D82CB0 /* Resources */ = {
			isa = PBXResourcesBuildPhase;
			buildActionMask = 2147483647;
			files = (
			);
			runOnlyForDeploymentPostprocessing = 0;
		};
/* End PBXResourcesBuildPhase section */

/* Begin PBXSourcesBuildPhase section */
		4777B63724AD313A00D82CB0 /* Sources */ = {
			isa = PBXSourcesBuildPhase;
			buildActionMask = 2147483647;
			files = (
				4777B63F24AD313A00D82CB0 /* AppDelegate.swift in Sources */,
				4777B64124AD313A00D82CB0 /* SceneDelegate.swift in Sources */,
				474F9EA9251C54ED002336F4 /* MemoryGame.swift in Sources */,
				4777B64324AD313A00D82CB0 /* EmojiMemoryGameView.swift in Sources */,
				474F9EAE251C570A002336F4 /* EmojiMemoryGame.swift in Sources */,
			);
			runOnlyForDeploymentPostprocessing = 0;
		};
		4777B64D24AD314300D82CB0 /* Sources */ = {
			isa = PBXSourcesBuildPhase;
			buildActionMask = 2147483647;
			files = (
				4777B65624AD314300D82CB0 /* MemorizeTests.swift in Sources */,
			);
			runOnlyForDeploymentPostprocessing = 0;
		};
		4777B65824AD314300D82CB0 /* Sources */ = {
			isa = PBXSourcesBuildPhase;
			buildActionMask = 2147483647;
			files = (
				4777B66124AD314300D82CB0 /* MemorizeUITests.swift in Sources */,
			);
			runOnlyForDeploymentPostprocessing = 0;
		};
/* End PBXSourcesBuildPhase section */

/* Begin PBXTargetDependency section */
		4777B65324AD314300D82CB0 /* PBXTargetDependency */ = {
			isa = PBXTargetDependency;
			target = 4777B63A24AD313A00D82CB0 /* Memorize */;
			targetProxy = 4777B65224AD314300D82CB0 /* PBXContainerItemProxy */;
		};
		4777B65E24AD314300D82CB0 /* PBXTargetDependency */ = {
			isa = PBXTargetDependency;
			target = 4777B63A24AD313A00D82CB0 /* Memorize */;
			targetProxy = 4777B65D24AD314300D82CB0 /* PBXContainerItemProxy */;
		};
/* End PBXTargetDependency section */

/* Begin PBXVariantGroup section */
		4777B64924AD314300D82CB0 /* LaunchScreen.storyboard */ = {
			isa = PBXVariantGroup;
			children = (
				4777B64A24AD314300D82CB0 /* Base */,
			);
			name = LaunchScreen.storyboard;
			sourceTree = "<group>";
		};
/* End PBXVariantGroup section */

/* Begin XCBuildConfiguration section */
		4777B66324AD314300D82CB0 /* Debug */ = {
			isa = XCBuildConfiguration;
			buildSettings = {
				ALWAYS_SEARCH_USER_PATHS = NO;
				CLANG_ANALYZER_NONNULL = YES;
				CLANG_ANALYZER_NUMBER_OBJECT_CONVERSION = YES_AGGRESSIVE;
				CLANG_CXX_LANGUAGE_STANDARD = "gnu++14";
				CLANG_CXX_LIBRARY = "libc++";
				CLANG_ENABLE_MODULES = YES;
				CLANG_ENABLE_OBJC_ARC = YES;
				CLANG_ENABLE_OBJC_WEAK = YES;
				CLANG_WARN_BLOCK_CAPTURE_AUTORELEASING = YES;
				CLANG_WARN_BOOL_CONVERSION = YES;
				CLANG_WARN_COMMA = YES;
				CLANG_WARN_CONSTANT_CONVERSION = YES;
				CLANG_WARN_DEPRECATED_OBJC_IMPLEMENTATIONS = YES;
				CLANG_WARN_DIRECT_OBJC_ISA_USAGE = YES_ERROR;
				CLANG_WARN_DOCUMENTATION_COMMENTS = YES;
				CLANG_WARN_EMPTY_BODY = YES;
				CLANG_WARN_ENUM_CONVERSION = YES;
				CLANG_WARN_INFINITE_RECURSION = YES;
				CLANG_WARN_INT_CONVERSION = YES;
				CLANG_WARN_NON_LITERAL_NULL_CONVERSION = YES;
				CLANG_WARN_OBJC_IMPLICIT_RETAIN_SELF = YES;
				CLANG_WARN_OBJC_LITERAL_CONVERSION = YES;
				CLANG_WARN_OBJC_ROOT_CLASS = YES_ERROR;
				CLANG_WARN_QUOTED_INCLUDE_IN_FRAMEWORK_HEADER = YES;
				CLANG_WARN_RANGE_LOOP_ANALYSIS = YES;
				CLANG_WARN_STRICT_PROTOTYPES = YES;
				CLANG_WARN_SUSPICIOUS_MOVE = YES;
				CLANG_WARN_UNGUARDED_AVAILABILITY = YES_AGGRESSIVE;
				CLANG_WARN_UNREACHABLE_CODE = YES;
				CLANG_WARN__DUPLICATE_METHOD_MATCH = YES;
				COPY_PHASE_STRIP = NO;
				DEBUG_INFORMATION_FORMAT = dwarf;
				ENABLE_STRICT_OBJC_MSGSEND = YES;
				ENABLE_TESTABILITY = YES;
				GCC_C_LANGUAGE_STANDARD = gnu11;
				GCC_DYNAMIC_NO_PIC = NO;
				GCC_NO_COMMON_BLOCKS = YES;
				GCC_OPTIMIZATION_LEVEL = 0;
				GCC_PREPROCESSOR_DEFINITIONS = (
					"DEBUG=1",
					"$(inherited)",
				);
				GCC_WARN_64_TO_32_BIT_CONVERSION = YES;
				GCC_WARN_ABOUT_RETURN_TYPE = YES_ERROR;
				GCC_WARN_UNDECLARED_SELECTOR = YES;
				GCC_WARN_UNINITIALIZED_AUTOS = YES_AGGRESSIVE;
				GCC_WARN_UNUSED_FUNCTION = YES;
				GCC_WARN_UNUSED_VARIABLE = YES;
				IPHONEOS_DEPLOYMENT_TARGET = 13.5;
				MTL_ENABLE_DEBUG_INFO = INCLUDE_SOURCE;
				MTL_FAST_MATH = YES;
				ONLY_ACTIVE_ARCH = YES;
				SDKROOT = iphoneos;
				SWIFT_ACTIVE_COMPILATION_CONDITIONS = DEBUG;
				SWIFT_OPTIMIZATION_LEVEL = "-Onone";
			};
			name = Debug;
		};
		4777B66424AD314300D82CB0 /* Release */ = {
			isa = XCBuildConfiguration;
			buildSettings = {
				ALWAYS_SEARCH_USER_PATHS = NO;
				CLANG_ANALYZER_NONNULL = YES;
				CLANG_ANALYZER_NUMBER_OBJECT_CONVERSION = YES_AGGRESSIVE;
				CLANG_CXX_LANGUAGE_STANDARD = "gnu++14";
				CLANG_CXX_LIBRARY = "libc++";
				CLANG_ENABLE_MODULES = YES;
				CLANG_ENABLE_OBJC_ARC = YES;
				CLANG_ENABLE_OBJC_WEAK = YES;
				CLANG_WARN_BLOCK_CAPTURE_AUTORELEASING = YES;
				CLANG_WARN_BOOL_CONVERSION = YES;
				CLANG_WARN_COMMA = YES;
				CLANG_WARN_CONSTANT_CONVERSION = YES;
				CLANG_WARN_DEPRECATED_OBJC_IMPLEMENTATIONS = YES;
				CLANG_WARN_DIRECT_OBJC_ISA_USAGE = YES_ERROR;
				CLANG_WARN_DOCUMENTATION_COMMENTS = YES;
				CLANG_WARN_EMPTY_BODY = YES;
				CLANG_WARN_ENUM_CONVERSION = YES;
				CLANG_WARN_INFINITE_RECURSION = YES;
				CLANG_WARN_INT_CONVERSION = YES;
				CLANG_WARN_NON_LITERAL_NULL_CONVERSION = YES;
				CLANG_WARN_OBJC_IMPLICIT_RETAIN_SELF = YES;
				CLANG_WARN_OBJC_LITERAL_CONVERSION = YES;
				CLANG_WARN_OBJC_ROOT_CLASS = YES_ERROR;
				CLANG_WARN_QUOTED_INCLUDE_IN_FRAMEWORK_HEADER = YES;
				CLANG_WARN_RANGE_LOOP_ANALYSIS = YES;
				CLANG_WARN_STRICT_PROTOTYPES = YES;
				CLANG_WARN_SUSPICIOUS_MOVE = YES;
				CLANG_WARN_UNGUARDED_AVAILABILITY = YES_AGGRESSIVE;
				CLANG_WARN_UNREACHABLE_CODE = YES;
				CLANG_WARN__DUPLICATE_METHOD_MATCH = YES;
				COPY_PHASE_STRIP = NO;
				DEBUG_INFORMATION_FORMAT = "dwarf-with-dsym";
				ENABLE_NS_ASSERTIONS = NO;
				ENABLE_STRICT_OBJC_MSGSEND = YES;
				GCC_C_LANGUAGE_STANDARD = gnu11;
				GCC_NO_COMMON_BLOCKS = YES;
				GCC_WARN_64_TO_32_BIT_CONVERSION = YES;
				GCC_WARN_ABOUT_RETURN_TYPE = YES_ERROR;
				GCC_WARN_UNDECLARED_SELECTOR = YES;
				GCC_WARN_UNINITIALIZED_AUTOS = YES_AGGRESSIVE;
				GCC_WARN_UNUSED_FUNCTION = YES;
				GCC_WARN_UNUSED_VARIABLE = YES;
				IPHONEOS_DEPLOYMENT_TARGET = 13.5;
				MTL_ENABLE_DEBUG_INFO = NO;
				MTL_FAST_MATH = YES;
				SDKROOT = iphoneos;
				SWIFT_COMPILATION_MODE = wholemodule;
				SWIFT_OPTIMIZATION_LEVEL = "-O";
				VALIDATE_PRODUCT = YES;
			};
			name = Release;
		};
		4777B66624AD314300D82CB0 /* Debug */ = {
			isa = XCBuildConfiguration;
			buildSettings = {
				ASSETCATALOG_COMPILER_APPICON_NAME = AppIcon;
				CODE_SIGN_STYLE = Automatic;
				DEVELOPMENT_ASSET_PATHS = "\"Memorize/Preview Content\"";
				DEVELOPMENT_TEAM = QGV858298D;
				ENABLE_PREVIEWS = YES;
				INFOPLIST_FILE = Memorize/Info.plist;
				LD_RUNPATH_SEARCH_PATHS = (
					"$(inherited)",
					"@executable_path/Frameworks",
				);
				PRODUCT_BUNDLE_IDENTIFIER = com.jackson.Memorize;
				PRODUCT_NAME = "$(TARGET_NAME)";
				SWIFT_VERSION = 5.0;
				TARGETED_DEVICE_FAMILY = "1,2";
			};
			name = Debug;
		};
		4777B66724AD314300D82CB0 /* Release */ = {
			isa = XCBuildConfiguration;
			buildSettings = {
				ASSETCATALOG_COMPILER_APPICON_NAME = AppIcon;
				CODE_SIGN_STYLE = Automatic;
				DEVELOPMENT_ASSET_PATHS = "\"Memorize/Preview Content\"";
				DEVELOPMENT_TEAM = QGV858298D;
				ENABLE_PREVIEWS = YES;
				INFOPLIST_FILE = Memorize/Info.plist;
				LD_RUNPATH_SEARCH_PATHS = (
					"$(inherited)",
					"@executable_path/Frameworks",
				);
				PRODUCT_BUNDLE_IDENTIFIER = com.jackson.Memorize;
				PRODUCT_NAME = "$(TARGET_NAME)";
				SWIFT_VERSION = 5.0;
				TARGETED_DEVICE_FAMILY = "1,2";
			};
			name = Release;
		};
		4777B66924AD314300D82CB0 /* Debug */ = {
			isa = XCBuildConfiguration;
			buildSettings = {
				ALWAYS_EMBED_SWIFT_STANDARD_LIBRARIES = YES;
				BUNDLE_LOADER = "$(TEST_HOST)";
				CODE_SIGN_STYLE = Automatic;
				DEVELOPMENT_TEAM = QGV858298D;
				INFOPLIST_FILE = MemorizeTests/Info.plist;
				IPHONEOS_DEPLOYMENT_TARGET = 13.5;
				LD_RUNPATH_SEARCH_PATHS = (
					"$(inherited)",
					"@executable_path/Frameworks",
					"@loader_path/Frameworks",
				);
				PRODUCT_BUNDLE_IDENTIFIER = com.jackson.MemorizeTests;
				PRODUCT_NAME = "$(TARGET_NAME)";
				SWIFT_VERSION = 5.0;
				TARGETED_DEVICE_FAMILY = "1,2";
				TEST_HOST = "$(BUILT_PRODUCTS_DIR)/Memorize.app/Memorize";
			};
			name = Debug;
		};
		4777B66A24AD314300D82CB0 /* Release */ = {
			isa = XCBuildConfiguration;
			buildSettings = {
				ALWAYS_EMBED_SWIFT_STANDARD_LIBRARIES = YES;
				BUNDLE_LOADER = "$(TEST_HOST)";
				CODE_SIGN_STYLE = Automatic;
				DEVELOPMENT_TEAM = QGV858298D;
				INFOPLIST_FILE = MemorizeTests/Info.plist;
				IPHONEOS_DEPLOYMENT_TARGET = 13.5;
				LD_RUNPATH_SEARCH_PATHS = (
					"$(inherited)",
					"@executable_path/Frameworks",
					"@loader_path/Frameworks",
				);
				PRODUCT_BUNDLE_IDENTIFIER = com.jackson.MemorizeTests;
				PRODUCT_NAME = "$(TARGET_NAME)";
				SWIFT_VERSION = 5.0;
				TARGETED_DEVICE_FAMILY = "1,2";
				TEST_HOST = "$(BUILT_PRODUCTS_DIR)/Memorize.app/Memorize";
			};
			name = Release;
		};
		4777B66C24AD314300D82CB0 /* Debug */ = {
			isa = XCBuildConfiguration;
			buildSettings = {
				ALWAYS_EMBED_SWIFT_STANDARD_LIBRARIES = YES;
				CODE_SIGN_STYLE = Automatic;
				DEVELOPMENT_TEAM = QGV858298D;
				INFOPLIST_FILE = MemorizeUITests/Info.plist;
				LD_RUNPATH_SEARCH_PATHS = (
					"$(inherited)",
					"@executable_path/Frameworks",
					"@loader_path/Frameworks",
				);
				PRODUCT_BUNDLE_IDENTIFIER = com.jackson.MemorizeUITests;
				PRODUCT_NAME = "$(TARGET_NAME)";
				SWIFT_VERSION = 5.0;
				TARGETED_DEVICE_FAMILY = "1,2";
				TEST_TARGET_NAME = Memorize;
			};
			name = Debug;
		};
		4777B66D24AD314300D82CB0 /* Release */ = {
			isa = XCBuildConfiguration;
			buildSettings = {
				ALWAYS_EMBED_SWIFT_STANDARD_LIBRARIES = YES;
				CODE_SIGN_STYLE = Automatic;
				DEVELOPMENT_TEAM = QGV858298D;
				INFOPLIST_FILE = MemorizeUITests/Info.plist;
				LD_RUNPATH_SEARCH_PATHS = (
					"$(inherited)",
					"@executable_path/Frameworks",
					"@loader_path/Frameworks",
				);
				PRODUCT_BUNDLE_IDENTIFIER = com.jackson.MemorizeUITests;
				PRODUCT_NAME = "$(TARGET_NAME)";
				SWIFT_VERSION = 5.0;
				TARGETED_DEVICE_FAMILY = "1,2";
				TEST_TARGET_NAME = Memorize;
			};
			name = Release;
		};
/* End XCBuildConfiguration section */

/* Begin XCConfigurationList section */
		4777B63624AD313A00D82CB0 /* Build configuration list for PBXProject "Memorize" */ = {
			isa = XCConfigurationList;
			buildConfigurations = (
				4777B66324AD314300D82CB0 /* Debug */,
				4777B66424AD314300D82CB0 /* Release */,
			);
			defaultConfigurationIsVisible = 0;
			defaultConfigurationName = Release;
		};
		4777B66524AD314300D82CB0 /* Build configuration list for PBXNativeTarget "Memorize" */ = {
			isa = XCConfigurationList;
			buildConfigurations = (
				4777B66624AD314300D82CB0 /* Debug */,
				4777B66724AD314300D82CB0 /* Release */,
			);
			defaultConfigurationIsVisible = 0;
			defaultConfigurationName = Release;
		};
		4777B66824AD314300D82CB0 /* Build configuration list for PBXNativeTarget "MemorizeTests" */ = {
			isa = XCConfigurationList;
			buildConfigurations = (
				4777B66924AD314300D82CB0 /* Debug */,
				4777B66A24AD314300D82CB0 /* Release */,
			);
			defaultConfigurationIsVisible = 0;
			defaultConfigurationName = Release;
		};
		4777B66B24AD314300D82CB0 /* Build configuration list for PBXNativeTarget "MemorizeUITests" */ = {
			isa = XCConfigurationList;
			buildConfigurations = (
				4777B66C24AD314300D82CB0 /* Debug */,
				4777B66D24AD314300D82CB0 /* Release */,
			);
			defaultConfigurationIsVisible = 0;
			defaultConfigurationName = Release;
		};
/* End XCConfigurationList section */
	};
	rootObject = 4777B63324AD313A00D82CB0 /* Project object */;
}
